{
  "name": "how_to_build_a_react_app-a_walkthrough_of_the_many_different_ways",
  "version": "1.0.0",
  "lockfileVersion": 3,
  "requires": true,
  "packages": {
    "": {
      "name": "how_to_build_a_react_app-a_walkthrough_of_the_many_different_ways",
      "version": "1.0.0",
      "license": "ISC"
    }
  }
}
